7ab133eacffa4fe51ce3c41d8b3f68e6653ff1f6
a6ad7ed48049a1065bf4cde0a8f798e8f7d40e94
893fa39ca213ed979f5aa64554a8baa57c25d983
9fa23bdb32de24c0f7d38c8c857acb88ad391856
c33f03c34a6efad9bb2fad3980a06044d85f7b16
2d9f3f3416e701b52db0fd0c8cede2611ae5f823
ca87c0767b0878b44f53ff6ee18fd04128a5b4c6
50a388a0412c2f6028051fddb3d2a68533c6701e
cf82a0322beb72f3ae9e0e4d08a54e594c4892a1